
Microsoft Visual Studio Solution File, Format Version 12.00
# Visual Studio 15
VisualStudioVersion = 15.0.28307.136
MinimumVisualStudioVersion = 10.0.40219.1
Project("{FAE04EC0-301F-11D3-BF4B-00C04F79EFBC}") = "modExpFisc", "modExpFiscL\modExpFisc.csproj", "{ACAD4FD0-F801-4D95-A9B7-48D812BEEEDF}"
EndProject
Global
	GlobalSection(SolutionConfigurationPlatforms) = preSolution
		Debug|Any CPU = Debug|Any CPU
		Release|Any CPU = Release|Any CPU
	EndGlobalSection
	GlobalSection(ProjectConfigurationPlatforms) = postSolution
		{ACAD4FD0-F801-4D95-A9B7-48D812BEEEDF}.Debug|Any CPU.ActiveCfg = Debug|Any CPU
		{ACAD4FD0-F801-4D95-A9B7-48D812BEEEDF}.Debug|Any CPU.Build.0 = Debug|Any CPU
		{ACAD4FD0-F801-4D95-A9B7-48D812BEEEDF}.Release|Any CPU.ActiveCfg = Release|Any CPU
		{ACAD4FD0-F801-4D95-A9B7-48D812BEEEDF}.Release|Any CPU.Build.0 = Release|Any CPU
	EndGlobalSection
	GlobalSection(SolutionProperties) = preSolution
		HideSolutionNode = FALSE
	EndGlobalSection
	GlobalSection(ExtensibilityGlobals) = postSolution
		SolutionGuid = {E7DAA8A8-5DF3-40DE-B05B-CC8AC574A5DF}
	EndGlobalSection
EndGlobal
